// !$*UTF8*$!
{
	archiveVersion = 1;
	classes = {
	};
	objectVersion = 46;
	objects = {

/* Begin PBXBuildFile section */
		0192191D1E7AE017001B7D4E /* AppDelegate.swift in Sources */ = {isa = PBXBuildFile; fileRef = 0192191C1E7AE017001B7D4E /* AppDelegate.swift */; };
		0192191F1E7AE017001B7D4E /* FaceViewController.swift in Sources */ = {isa = PBXBuildFile; fileRef = 0192191E1E7AE017001B7D4E /* FaceViewController.swift */; };
		019219221E7AE017001B7D4E /* Main.storyboard in Resources */ = {isa = PBXBuildFile; fileRef = 019219201E7AE017001B7D4E /* Main.storyboard */; };
		019219241E7AE017001B7D4E /* Assets.xcassets in Resources */ = {isa = PBXBuildFile; fileRef = 019219231E7AE017001B7D4E /* Assets.xcassets */; };
		019219271E7AE017001B7D4E /* LaunchScreen.storyboard in Resources */ = {isa = PBXBuildFile; fileRef = 019219251E7AE017001B7D4E /* LaunchScreen.storyboard */; };
		019219301E7AE07F001B7D4E /* FaceView.swift in Sources */ = {isa = PBXBuildFile; fileRef = 0192192F1E7AE07F001B7D4E /* FaceView.swift */; };
		019219321E7B3496001B7D4E /* FacialExpression.swift in Sources */ = {isa = PBXBuildFile; fileRef = 019219311E7B3496001B7D4E /* FacialExpression.swift */; };
		019219341E7B4806001B7D4E /* UIColorExtension.swift in Sources */ = {isa = PBXBuildFile; fileRef = 019219331E7B4806001B7D4E /* UIColorExtension.swift */; };
		01AFB05C1EF3DE1E00E00DB7 /* Blinking Face VC.swift in Sources */ = {isa = PBXBuildFile; fileRef = 01AFB05B1EF3DE1E00E00DB7 /* Blinking Face VC.swift */; };
		01AFB05E1EF3EBA600E00DB7 /* EyeView.swift in Sources */ = {isa = PBXBuildFile; fileRef = 01AFB05D1EF3EBA600E00DB7 /* EyeView.swift */; };
		01D338071F07B28F001B9C6A /* ExpressionEditorTableViewController.swift in Sources */ = {isa = PBXBuildFile; fileRef = 01D338061F07B28F001B9C6A /* ExpressionEditorTableViewController.swift */; };
		01D898BF1E7C4F940031FD8B /* EmotionsVC.swift in Sources */ = {isa = PBXBuildFile; fileRef = 01D898BE1E7C4F940031FD8B /* EmotionsVC.swift */; };
		01D898C11E7D49CB0031FD8B /* VCLoggingVC.swift in Sources */ = {isa = PBXBuildFile; fileRef = 01D898C01E7D49CB0031FD8B /* VCLoggingVC.swift */; };
/* End PBXBuildFile section */

/* Begin PBXFileReference section */
		019219191E7AE017001B7D4E /* FaceIt.app */ = {isa = PBXFileReference; explicitFileType = wrapper.application; includeInIndex = 0; path = FaceIt.app; sourceTree = BUILT_PRODUCTS_DIR; };
		0192191C1E7AE017001B7D4E /* AppDelegate.swift */ = {isa = PBXFileReference; lastKnownFileType = sourcecode.swift; path = AppDelegate.swift; sourceTree = "<group>"; };
		0192191E1E7AE017001B7D4E /* FaceViewController.swift */ = {isa = PBXFileReference; lastKnownFileType = sourcecode.swift; path = FaceViewController.swift; sourceTree = "<group>"; };
		019219211E7AE017001B7D4E /* Base */ = {isa = PBXFileReference; lastKnownFileType = file.storyboard; name = Base; path = Base.lproj/Main.storyboard; sourceTree = "<group>"; };
		019219231E7AE017001B7D4E /* Assets.xcassets */ = {isa = PBXFileReference; lastKnownFileType = folder.assetcatalog; path = Assets.xcassets; sourceTree = "<group>"; };
		019219261E7AE017001B7D4E /* Base */ = {isa = PBXFileReference; lastKnownFileType = file.storyboard; name = Base; path = Base.lproj/LaunchScreen.storyboard; sourceTree = "<group>"; };
		019219281E7AE017001B7D4E /* Info.plist */ = {isa = PBXFileReference; lastKnownFileType = text.plist.xml; path = Info.plist; sourceTree = "<group>"; };
		0192192F1E7AE07F001B7D4E /* FaceView.swift */ = {isa = PBXFileReference; fileEncoding = 4; lastKnownFileType = sourcecode.swift; path = FaceView.swift; sourceTree = "<group>"; };
		019219311E7B3496001B7D4E /* FacialExpression.swift */ = {isa = PBXFileReference; fileEncoding = 4; lastKnownFileType = sourcecode.swift; path = FacialExpression.swift; sourceTree = "<group>"; };
		019219331E7B4806001B7D4E /* UIColorExtension.swift */ = {isa = PBXFileReference; fileEncoding = 4; lastKnownFileType = sourcecode.swift; path = UIColorExtension.swift; sourceTree = "<group>"; };
		01AFB05B1EF3DE1E00E00DB7 /* Blinking Face VC.swift */ = {isa = PBXFileReference; fileEncoding = 4; lastKnownFileType = sourcecode.swift; path = "Blinking Face VC.swift"; sourceTree = "<group>"; };
		01AFB05D1EF3EBA600E00DB7 /* EyeView.swift */ = {isa = PBXFileReference; fileEncoding = 4; lastKnownFileType = sourcecode.swift; path = EyeView.swift; sourceTree = "<group>"; };
		01D338061F07B28F001B9C6A /* ExpressionEditorTableViewController.swift */ = {isa = PBXFileReference; fileEncoding = 4; lastKnownFileType = sourcecode.swift; path = ExpressionEditorTableViewController.swift; sourceTree = "<group>"; };
		01D898BE1E7C4F940031FD8B /* EmotionsVC.swift */ = {isa = PBXFileReference; fileEncoding = 4; lastKnownFileType = sourcecode.swift; path = EmotionsVC.swift; sourceTree = "<group>"; };
		01D898C01E7D49CB0031FD8B /* VCLoggingVC.swift */ = {isa = PBXFileReference; fileEncoding = 4; lastKnownFileType = sourcecode.swift; path = VCLoggingVC.swift; sourceTree = "<group>"; };
/* End PBXFileReference section */

/* Begin PBXFrameworksBuildPhase section */
		019219161E7AE017001B7D4E /* Frameworks */ = {
			isa = PBXFrameworksBuildPhase;
			buildActionMask = 2147483647;
			files = (
			);
			runOnlyForDeploymentPostprocessing = 0;
		};
/* End PBXFrameworksBuildPhase section */

/* Begin PBXGroup section */
		019219101E7AE017001B7D4E = {
			isa = PBXGroup;
			children = (
				0192191B1E7AE017001B7D4E /* FaceIt */,
				0192191A1E7AE017001B7D4E /* Products */,
			);
			sourceTree = "<group>";
		};
		0192191A1E7AE017001B7D4E /* Products */ = {
			isa = PBXGroup;
			children = (
				019219191E7AE017001B7D4E /* FaceIt.app */,
			);
			name = Products;
			sourceTree = "<group>";
		};
		0192191B1E7AE017001B7D4E /* FaceIt */ = {
			isa = PBXGroup;
			children = (
				019219201E7AE017001B7D4E /* Main.storyboard */,
				01D338061F07B28F001B9C6A /* ExpressionEditorTableViewController.swift */,
				0192191E1E7AE017001B7D4E /* FaceViewController.swift */,
				0192192F1E7AE07F001B7D4E /* FaceView.swift */,
				01AFB05D1EF3EBA600E00DB7 /* EyeView.swift */,
				019219311E7B3496001B7D4E /* FacialExpression.swift */,
				01AFB05B1EF3DE1E00E00DB7 /* Blinking Face VC.swift */,
				01D898BE1E7C4F940031FD8B /* EmotionsVC.swift */,
				0192192E1E7AE02C001B7D4E /* Supporting files */,
			);
			path = FaceIt;
			sourceTree = "<group>";
		};
		0192192E1E7AE02C001B7D4E /* Supporting files */ = {
			isa = PBXGroup;
			children = (
				019219331E7B4806001B7D4E /* UIColorExtension.swift */,
				01D898C01E7D49CB0031FD8B /* VCLoggingVC.swift */,
				0192191C1E7AE017001B7D4E /* AppDelegate.swift */,
				019219231E7AE017001B7D4E /* Assets.xcassets */,
				019219251E7AE017001B7D4E /* LaunchScreen.storyboard */,
				019219281E7AE017001B7D4E /* Info.plist */,
			);
			name = "Supporting files";
			sourceTree = "<group>";
		};
/* End PBXGroup section */

/* Begin PBXNativeTarget section */
		019219181E7AE017001B7D4E /* FaceIt */ = {
			isa = PBXNativeTarget;
			buildConfigurationList = 0192192B1E7AE017001B7D4E /* Build configuration list for PBXNativeTarget "FaceIt" */;
			buildPhases = (
				019219151E7AE017001B7D4E /* Sources */,
				019219161E7AE017001B7D4E /* Frameworks */,
				019219171E7AE017001B7D4E /* Resources */,
			);
			buildRules = (
			);
			dependencies = (
			);
			name = FaceIt;
			productName = FaceIt;
			productReference = 019219191E7AE017001B7D4E /* FaceIt.app */;
			productType = "com.apple.product-type.application";
		};
/* End PBXNativeTarget section */

/* Begin PBXProject section */
		019219111E7AE017001B7D4E /* Project object */ = {
			isa = PBXProject;
			attributes = {
				LastSwiftUpdateCheck = 0820;
				LastUpgradeCheck = 0820;
				ORGANIZATIONNAME = "Disruptvioletta LLC";
				TargetAttributes = {
					019219181E7AE017001B7D4E = {
						CreatedOnToolsVersion = 8.2.1;
						DevelopmentTeam = 787K6E59T6;
						ProvisioningStyle = Automatic;
					};
				};
			};
			buildConfigurationList = 019219141E7AE017001B7D4E /* Build configuration list for PBXProject "FaceIt" */;
			compatibilityVersion = "Xcode 3.2";
			developmentRegion = English;
			hasScannedForEncodings = 0;
			knownRegions = (
				en,
				Base,
			);
			mainGroup = 019219101E7AE017001B7D4E;
			productRefGroup = 0192191A1E7AE017001B7D4E /* Products */;
			projectDirPath = "";
			projectRoot = "";
			targets = (
				019219181E7AE017001B7D4E /* FaceIt */,
			);
		};
/* End PBXProject section */

/* Begin PBXResourcesBuildPhase section */
		019219171E7AE017001B7D4E /* Resources */ = {
			isa = PBXResourcesBuildPhase;
			buildActionMask = 2147483647;
			files = (
				019219271E7AE017001B7D4E /* LaunchScreen.storyboard in Resources */,
				019219241E7AE017001B7D4E /* Assets.xcassets in Resources */,
				019219221E7AE017001B7D4E /* Main.storyboard in Resources */,
			);
			runOnlyForDeploymentPostprocessing = 0;
		};
/* End PBXResourcesBuildPhase section */

/* Begin PBXSourcesBuildPhase section */
		019219151E7AE017001B7D4E /* Sources */ = {
			isa = PBXSourcesBuildPhase;
			buildActionMask = 2147483647;
			files = (
				0192191F1E7AE017001B7D4E /* FaceViewController.swift in Sources */,
				019219321E7B3496001B7D4E /* FacialExpression.swift in Sources */,
				01D338071F07B28F001B9C6A /* ExpressionEditorTableViewController.swift in Sources */,
				01D898BF1E7C4F940031FD8B /* EmotionsVC.swift in Sources */,
				01D898C11E7D49CB0031FD8B /* VCLoggingVC.swift in Sources */,
				01AFB05E1EF3EBA600E00DB7 /* EyeView.swift in Sources */,
				019219341E7B4806001B7D4E /* UIColorExtension.swift in Sources */,
				0192191D1E7AE017001B7D4E /* AppDelegate.swift in Sources */,
				019219301E7AE07F001B7D4E /* FaceView.swift in Sources */,
				01AFB05C1EF3DE1E00E00DB7 /* Blinking Face VC.swift in Sources */,
			);
			runOnlyForDeploymentPostprocessing = 0;
		};
/* End PBXSourcesBuildPhase section */

/* Begin PBXVariantGroup section */
		019219201E7AE017001B7D4E /* Main.storyboard */ = {
			isa = PBXVariantGroup;
			children = (
				019219211E7AE017001B7D4E /* Base */,
			);
			name = Main.storyboard;
			sourceTree = "<group>";
		};
		019219251E7AE017001B7D4E /* LaunchScreen.storyboard */ = {
			isa = PBXVariantGroup;
			children = (
				019219261E7AE017001B7D4E /* Base */,
			);
			name = LaunchScreen.storyboard;
			sourceTree = "<group>";
		};
/* End PBXVariantGroup section */

/* Begin XCBuildConfiguration section */
		019219291E7AE017001B7D4E /* Debug */ = {
			isa = XCBuildConfiguration;
			buildSettings = {
				ALWAYS_SEARCH_USER_PATHS = NO;
				CLANG_ANALYZER_NONNULL = YES;
				CLANG_CXX_LANGUAGE_STANDARD = "gnu++0x";
				CLANG_CXX_LIBRARY = "libc++";
				CLANG_ENABLE_MODULES = YES;
				CLANG_ENABLE_OBJC_ARC = YES;
				CLANG_WARN_BOOL_CONVERSION = YES;
				CLANG_WARN_CONSTANT_CONVERSION = YES;
				CLANG_WARN_DIRECT_OBJC_ISA_USAGE = YES_ERROR;
				CLANG_WARN_DOCUMENTATION_COMMENTS = YES;
				CLANG_WARN_EMPTY_BODY = YES;
				CLANG_WARN_ENUM_CONVERSION = YES;
				CLANG_WARN_INFINITE_RECURSION = YES;
				CLANG_WARN_INT_CONVERSION = YES;
				CLANG_WARN_OBJC_ROOT_CLASS = YES_ERROR;
				CLANG_WARN_SUSPICIOUS_MOVE = YES;
				CLANG_WARN_UNREACHABLE_CODE = YES;
				CLANG_WARN__DUPLICATE_METHOD_MATCH = YES;
				"CODE_SIGN_IDENTITY[sdk=iphoneos*]" = "iPhone Developer";
				COPY_PHASE_STRIP = NO;
				DEBUG_INFORMATION_FORMAT = dwarf;
				ENABLE_STRICT_OBJC_MSGSEND = YES;
				ENABLE_TESTABILITY = YES;
				GCC_C_LANGUAGE_STANDARD = gnu99;
				GCC_DYNAMIC_NO_PIC = NO;
				GCC_NO_COMMON_BLOCKS = YES;
				GCC_OPTIMIZATION_LEVEL = 0;
				GCC_PREPROCESSOR_DEFINITIONS = (
					"DEBUG=1",
					"$(inherited)",
				);
				GCC_WARN_64_TO_32_BIT_CONVERSION = YES;
				GCC_WARN_ABOUT_RETURN_TYPE = YES_ERROR;
				GCC_WARN_UNDECLARED_SELECTOR = YES;
				GCC_WARN_UNINITIALIZED_AUTOS = YES_AGGRESSIVE;
				GCC_WARN_UNUSED_FUNCTION = YES;
				GCC_WARN_UNUSED_VARIABLE = YES;
				IPHONEOS_DEPLOYMENT_TARGET = 10.2;
				MTL_ENABLE_DEBUG_INFO = YES;
				ONLY_ACTIVE_ARCH = YES;
				SDKROOT = iphoneos;
				SWIFT_ACTIVE_COMPILATION_CONDITIONS = DEBUG;
				SWIFT_OPTIMIZATION_LEVEL = "-Onone";
				TARGETED_DEVICE_FAMILY = "1,2";
			};
			name = Debug;
		};
		0192192A1E7AE017001B7D4E /* Release */ = {
			isa = XCBuildConfiguration;
			buildSettings = {
				ALWAYS_SEARCH_USER_PATHS = NO;
				CLANG_ANALYZER_NONNULL = YES;
				CLANG_CXX_LANGUAGE_STANDARD = "gnu++0x";
				CLANG_CXX_LIBRARY = "libc++";
				CLANG_ENABLE_MODULES = YES;
				CLANG_ENABLE_OBJC_ARC = YES;
				CLANG_WARN_BOOL_CONVERSION = YES;
				CLANG_WARN_CONSTANT_CONVERSION = YES;
				CLANG_WARN_DIRECT_OBJC_ISA_USAGE = YES_ERROR;
				CLANG_WARN_DOCUMENTATION_COMMENTS = YES;
				CLANG_WARN_EMPTY_BODY = YES;
				CLANG_WARN_ENUM_CONVERSION = YES;
				CLANG_WARN_INFINITE_RECURSION = YES;
				CLANG_WARN_INT_CONVERSION = YES;
				CLANG_WARN_OBJC_ROOT_CLASS = YES_ERROR;
				CLANG_WARN_SUSPICIOUS_MOVE = YES;
				CLANG_WARN_UNREACHABLE_CODE = YES;
				CLANG_WARN__DUPLICATE_METHOD_MATCH = YES;
				"CODE_SIGN_IDENTITY[sdk=iphoneos*]" = "iPhone Developer";
				COPY_PHASE_STRIP = NO;
				DEBUG_INFORMATION_FORMAT = "dwarf-with-dsym";
				ENABLE_NS_ASSERTIONS = NO;
				ENABLE_STRICT_OBJC_MSGSEND = YES;
				GCC_C_LANGUAGE_STANDARD = gnu99;
				GCC_NO_COMMON_BLOCKS = YES;
				GCC_WARN_64_TO_32_BIT_CONVERSION = YES;
				GCC_WARN_ABOUT_RETURN_TYPE = YES_ERROR;
				GCC_WARN_UNDECLARED_SELECTOR = YES;
				GCC_WARN_UNINITIALIZED_AUTOS = YES_AGGRESSIVE;
				GCC_WARN_UNUSED_FUNCTION = YES;
				GCC_WARN_UNUSED_VARIABLE = YES;
				IPHONEOS_DEPLOYMENT_TARGET = 10.2;
				MTL_ENABLE_DEBUG_INFO = NO;
				SDKROOT = iphoneos;
				SWIFT_OPTIMIZATION_LEVEL = "-Owholemodule";
				TARGETED_DEVICE_FAMILY = "1,2";
				VALIDATE_PRODUCT = YES;
			};
			name = Release;
		};
		0192192C1E7AE017001B7D4E /* Debug */ = {
			isa = XCBuildConfiguration;
			buildSettings = {
				ASSETCATALOG_COMPILER_APPICON_NAME = AppIcon;
				DEVELOPMENT_TEAM = 787K6E59T6;
				INFOPLIST_FILE = FaceIt/Info.plist;
				LD_RUNPATH_SEARCH_PATHS = "$(inherited) @executable_path/Frameworks";
				PRODUCT_BUNDLE_IDENTIFIER = "-2253.FaceIt";
				PRODUCT_NAME = "$(TARGET_NAME)";
				SWIFT_VERSION = 3.0;
			};
			name = Debug;
		};
		0192192D1E7AE017001B7D4E /* Release */ = {
			isa = XCBuildConfiguration;
			buildSettings = {
				ASSETCATALOG_COMPILER_APPICON_NAME = AppIcon;
				DEVELOPMENT_TEAM = 787K6E59T6;
				INFOPLIST_FILE = FaceIt/Info.plist;
				LD_RUNPATH_SEARCH_PATHS = "$(inherited) @executable_path/Frameworks";
				PRODUCT_BUNDLE_IDENTIFIER = "-2253.FaceIt";
				PRODUCT_NAME = "$(TARGET_NAME)";
				SWIFT_VERSION = 3.0;
			};
			name = Release;
		};
/* End XCBuildConfiguration section */

/* Begin XCConfigurationList section */
		019219141E7AE017001B7D4E /* Build configuration list for PBXProject "FaceIt" */ = {
			isa = XCConfigurationList;
			buildConfigurations = (
				019219291E7AE017001B7D4E /* Debug */,
				0192192A1E7AE017001B7D4E /* Release */,
			);
			defaultConfigurationIsVisible = 0;
			defaultConfigurationName = Release;
		};
		0192192B1E7AE017001B7D4E /* Build configuration list for PBXNativeTarget "FaceIt" */ = {
			isa = XCConfigurationList;
			buildConfigurations = (
				0192192C1E7AE017001B7D4E /* Debug */,
				0192192D1E7AE017001B7D4E /* Release */,
			);
			defaultConfigurationIsVisible = 0;
			defaultConfigurationName = Release;
		};
/* End XCConfigurationList section */
	};
	rootObject = 019219111E7AE017001B7D4E /* Project object */;
}
